{
  "name": "open-classifier",
  "version": "1.0.0",
  "lockfileVersion": 1,
  "requires": true,
  "dependencies": {
    "afinn-165": {
      "version": "1.0.3",
      "resolved": "https://registry.npmjs.org/afinn-165/-/afinn-165-1.0.3.tgz",
      "integrity": "sha512-LTwJcUGRzjQCR6uQCXMEUkoecezmWNjyWRjPm9pv0WlIYtLLaOnVsR1RvAdSMgOJPTFNlxS1IkfXxrkmV+gcyQ=="
    },
    "an-array-of-english-words": {
      "version": "1.3.1",
      "resolved": "https://registry.npmjs.org/an-array-of-english-words/-/an-array-of-english-words-1.3.1.tgz",
      "integrity": "sha1-LdBEx5ONdO5pW5mS36rvaHE5n5c="
    },
    "apparatus": {
      "version": "0.0.10",
      "resolved": "https://registry.npmjs.org/apparatus/-/apparatus-0.0.10.tgz",
      "integrity": "sha512-KLy/ugo33KZA7nugtQ7O0E1c8kQ52N3IvD/XgIh4w/Nr28ypfkwDfA67F1ev4N1m5D+BOk1+b2dEJDfpj/VvZg==",
      "requires": {
        "sylvester": ">= 0.0.8"
      }
    },
    "json-stable-stringify": {
      "version": "1.0.1",
      "resolved": "https://registry.npmjs.org/json-stable-stringify/-/json-stable-stringify-1.0.1.tgz",
      "integrity": "sha1-mnWdOcXy/1A/1TAGRu1EX4jE+a8=",
      "requires": {
        "jsonify": "~0.0.0"
      }
    },
    "jsonify": {
      "version": "0.0.0",
      "resolved": "https://registry.npmjs.org/jsonify/-/jsonify-0.0.0.tgz",
      "integrity": "sha1-LHS27kHZPKUbe1qu6PUDYx0lKnM="
    },
    "natural": {
      "version": "0.6.3",
      "resolved": "https://registry.npmjs.org/natural/-/natural-0.6.3.tgz",
      "integrity": "sha512-78fcEdNN6Y4pv8SOLPDhJTlUG+8IiQzNx0nYpl0k7q00K4ZZuds+wDWfSa6eeiPcSQDncvV44WWGsi70/ZP3+w==",
      "requires": {
        "afinn-165": "^1.0.2",
        "apparatus": "^0.0.10",
        "json-stable-stringify": "^1.0.1",
        "sylvester": "^0.0.12",
        "underscore": "^1.3.1"
      }
    },
    "papaparse": {
      "version": "5.0.0",
      "resolved": "https://registry.npmjs.org/papaparse/-/papaparse-5.0.0.tgz",
      "integrity": "sha512-gCqNseOMB5RInYXR051oWfCIZZI9ldhijkeMj0kNYLpE/hSRLHaW8ctoK4h3IuS1v8l+PovsV96LjXtgmzHRxA=="
    },
    "stopword": {
      "version": "0.3.1",
      "resolved": "https://registry.npmjs.org/stopword/-/stopword-0.3.1.tgz",
      "integrity": "sha512-F4eRRIhEW4fgPZisV1tVXcag6g7Px94k7mwDRvCLfFQYa71FYre4nrbzIUKeiFMMNHVCa1l9/w0YJXjp5ZFyeA=="
    },
    "sylvester": {
      "version": "0.0.12",
      "resolved": "https://registry.npmjs.org/sylvester/-/sylvester-0.0.12.tgz",
      "integrity": "sha1-WohEFc0tACxX56OqyZRip1zp/bQ="
    },
    "underscore": {
      "version": "1.9.1",
      "resolved": "https://registry.npmjs.org/underscore/-/underscore-1.9.1.tgz",
      "integrity": "sha512-5/4etnCkd9c8gwgowi5/om/mYO5ajCaOgdzj/oW+0eQV9WxKBDZw5+ycmKmeaTXjInS/W0BzpGLo2xR2aBwZdg=="
    },
    "wink-lemmatizer": {
      "version": "3.0.1",
      "resolved": "https://registry.npmjs.org/wink-lemmatizer/-/wink-lemmatizer-3.0.1.tgz",
      "integrity": "sha512-i3UFptXN8zqRaum4CWBGAXkpK6gtPU9a0/M5U9t2epBd68sr9WX7mFWKfMuSAJoc9w0HXHZOXsuGvTRxjCSWPQ==",
      "requires": {
        "wink-lexicon": "^2.0.1",
        "wink-porter2-stemmer": "^2.0.0"
      }
    },
    "wink-lexicon": {
      "version": "2.1.1",
      "resolved": "https://registry.npmjs.org/wink-lexicon/-/wink-lexicon-2.1.1.tgz",
      "integrity": "sha512-By1dTZdq0dhHNJlFHjwvOV9tWeijS7T119gt7/JA59W6uVdRdvZ7Yz10TrIbqt70A3ew1ywDvhYwCYc4VuJ7XA=="
    },
    "wink-porter2-stemmer": {
      "version": "2.0.0",
      "resolved": "https://registry.npmjs.org/wink-porter2-stemmer/-/wink-porter2-stemmer-2.0.0.tgz",
      "integrity": "sha512-FWhpKShRnZvYWOWzbRs5r2IpfXOmYWkk0C5Fjj8nInBAH5mFtIRpla2mViM8iC0K3QreyMIARXSACf5xC8IAKg=="
    },
    "wordsninja": {
      "version": "1.0.0",
      "resolved": "https://registry.npmjs.org/wordsninja/-/wordsninja-1.0.0.tgz",
      "integrity": "sha512-f9aKDZ01xCjBEVxqQ4+fbSw+Jksi0OlvWV4QeqFzX78FjwREk/7ARgk0PuKlOkxGPg1ylkTYMTcKpReMVi2z4A=="
    }
  }
}
